// !$*UTF8*$!
{
	archiveVersion = 1;
	classes = {
	};
	objectVersion = 77;
	objects = {

/* Begin PBXBuildFile section */
		446754BC2ECDCEAB003976BA /* Auth in Frameworks */ = {isa = PBXBuildFile; productRef = 446754BB2ECDCEAB003976BA /* Auth */; };
		446754BE2ECDCEAB003976BA /* Functions in Frameworks */ = {isa = PBXBuildFile; productRef = 446754BD2ECDCEAB003976BA /* Functions */; };
		446754C02ECDCEAB003976BA /* PostgREST in Frameworks */ = {isa = PBXBuildFile; productRef = 446754BF2ECDCEAB003976BA /* PostgREST */; };
		446754C22ECDCEAB003976BA /* Realtime in Frameworks */ = {isa = PBXBuildFile; productRef = 446754C12ECDCEAB003976BA /* Realtime */; };
		446754C42ECDCEAB003976BA /* Storage in Frameworks */ = {isa = PBXBuildFile; productRef = 446754C32ECDCEAB003976BA /* Storage */; };
		446754C62ECDCEAB003976BA /* Supabase in Frameworks */ = {isa = PBXBuildFile; productRef = 446754C52ECDCEAB003976BA /* Supabase */; };
/* End PBXBuildFile section */

/* Begin PBXContainerItemProxy section */
		4454D32B2E604FDF001B8A5C /* PBXContainerItemProxy */ = {
			isa = PBXContainerItemProxy;
			containerPortal = 4454D3102E604FDD001B8A5C /* Project object */;
			proxyType = 1;
			remoteGlobalIDString = 4454D3172E604FDD001B8A5C;
			remoteInfo = DiabetesTracker;
		};
		4454D3352E604FDF001B8A5C /* PBXContainerItemProxy */ = {
			isa = PBXContainerItemProxy;
			containerPortal = 4454D3102E604FDD001B8A5C /* Project object */;
			proxyType = 1;
			remoteGlobalIDString = 4454D3172E604FDD001B8A5C;
			remoteInfo = DiabetesTracker;
		};
/* End PBXContainerItemProxy section */

/* Begin PBXFileReference section */
		4454D3182E604FDE001B8A5C /* DiabetesTracker.app */ = {isa = PBXFileReference; explicitFileType = wrapper.application; includeInIndex = 0; path = DiabetesTracker.app; sourceTree = BUILT_PRODUCTS_DIR; };
		4454D32A2E604FDF001B8A5C /* DiabetesTrackerTests.xctest */ = {isa = PBXFileReference; explicitFileType = wrapper.cfbundle; includeInIndex = 0; path = DiabetesTrackerTests.xctest; sourceTree = BUILT_PRODUCTS_DIR; };
		4454D3342E604FDF001B8A5C /* DiabetesTrackerUITests.xctest */ = {isa = PBXFileReference; explicitFileType = wrapper.cfbundle; includeInIndex = 0; path = DiabetesTrackerUITests.xctest; sourceTree = BUILT_PRODUCTS_DIR; };
/* End PBXFileReference section */

/* Begin PBXFileSystemSynchronizedRootGroup section */
		4454D31A2E604FDE001B8A5C /* DiabetesTracker */ = {
			isa = PBXFileSystemSynchronizedRootGroup;
			path = DiabetesTracker;
			sourceTree = "<group>";
		};
		4454D32D2E604FDF001B8A5C /* DiabetesTrackerTests */ = {
			isa = PBXFileSystemSynchronizedRootGroup;
			path = DiabetesTrackerTests;
			sourceTree = "<group>";
		};
		4454D3372E604FDF001B8A5C /* DiabetesTrackerUITests */ = {
			isa = PBXFileSystemSynchronizedRootGroup;
			path = DiabetesTrackerUITests;
			sourceTree = "<group>";
		};
/* End PBXFileSystemSynchronizedRootGroup section */

/* Begin PBXFrameworksBuildPhase section */
		4454D3152E604FDD001B8A5C /* Frameworks */ = {
			isa = PBXFrameworksBuildPhase;
			buildActionMask = 2147483647;
			files = (
				446754C02ECDCEAB003976BA /* PostgREST in Frameworks */,
				446754BE2ECDCEAB003976BA /* Functions in Frameworks */,
				446754C62ECDCEAB003976BA /* Supabase in Frameworks */,
				446754BC2ECDCEAB003976BA /* Auth in Frameworks */,
				446754C42ECDCEAB003976BA /* Storage in Frameworks */,
				446754C22ECDCEAB003976BA /* Realtime in Frameworks */,
			);
			runOnlyForDeploymentPostprocessing = 0;
		};
		4454D3272E604FDF001B8A5C /* Frameworks */ = {
			isa = PBXFrameworksBuildPhase;
			buildActionMask = 2147483647;
			files = (
			);
			runOnlyForDeploymentPostprocessing = 0;
		};
		4454D3312E604FDF001B8A5C /* Frameworks */ = {
			isa = PBXFrameworksBuildPhase;
			buildActionMask = 2147483647;
			files = (
			);
			runOnlyForDeploymentPostprocessing = 0;
		};
/* End PBXFrameworksBuildPhase section */

/* Begin PBXGroup section */
		4454D30F2E604FDD001B8A5C = {
			isa = PBXGroup;
			children = (
				4454D31A2E604FDE001B8A5C /* DiabetesTracker */,
				4454D32D2E604FDF001B8A5C /* DiabetesTrackerTests */,
				4454D3372E604FDF001B8A5C /* DiabetesTrackerUITests */,
				4454D3192E604FDE001B8A5C /* Products */,
			);
			sourceTree = "<group>";
		};
		4454D3192E604FDE001B8A5C /* Products */ = {
			isa = PBXGroup;
			children = (
				4454D3182E604FDE001B8A5C /* DiabetesTracker.app */,
				4454D32A2E604FDF001B8A5C /* DiabetesTrackerTests.xctest */,
				4454D3342E604FDF001B8A5C /* DiabetesTrackerUITests.xctest */,
			);
			name = Products;
			sourceTree = "<group>";
		};
/* End PBXGroup section */

/* Begin PBXNativeTarget section */
		4454D3172E604FDD001B8A5C /* DiabetesTracker */ = {
			isa = PBXNativeTarget;
			buildConfigurationList = 4454D33E2E604FDF001B8A5C /* Build configuration list for PBXNativeTarget "DiabetesTracker" */;
			buildPhases = (
				4454D3142E604FDD001B8A5C /* Sources */,
				4454D3152E604FDD001B8A5C /* Frameworks */,
				4454D3162E604FDD001B8A5C /* Resources */,
			);
			buildRules = (
			);
			dependencies = (
			);
			fileSystemSynchronizedGroups = (
				4454D31A2E604FDE001B8A5C /* DiabetesTracker */,
			);
			name = DiabetesTracker;
			packageProductDependencies = (
				446754BB2ECDCEAB003976BA /* Auth */,
				446754BD2ECDCEAB003976BA /* Functions */,
				446754BF2ECDCEAB003976BA /* PostgREST */,
				446754C12ECDCEAB003976BA /* Realtime */,
				446754C32ECDCEAB003976BA /* Storage */,
				446754C52ECDCEAB003976BA /* Supabase */,
			);
			productName = DiabetesTracker;
			productReference = 4454D3182E604FDE001B8A5C /* DiabetesTracker.app */;
			productType = "com.apple.product-type.application";
		};
		4454D3292E604FDF001B8A5C /* DiabetesTrackerTests */ = {
			isa = PBXNativeTarget;
			buildConfigurationList = 4454D3412E604FDF001B8A5C /* Build configuration list for PBXNativeTarget "DiabetesTrackerTests" */;
			buildPhases = (
				4454D3262E604FDF001B8A5C /* Sources */,
				4454D3272E604FDF001B8A5C /* Frameworks */,
				4454D3282E604FDF001B8A5C /* Resources */,
			);
			buildRules = (
			);
			dependencies = (
				4454D32C2E604FDF001B8A5C /* PBXTargetDependency */,
			);
			fileSystemSynchronizedGroups = (
				4454D32D2E604FDF001B8A5C /* DiabetesTrackerTests */,
			);
			name = DiabetesTrackerTests;
			packageProductDependencies = (
			);
			productName = DiabetesTrackerTests;
			productReference = 4454D32A2E604FDF001B8A5C /* DiabetesTrackerTests.xctest */;
			productType = "com.apple.product-type.bundle.unit-test";
		};
		4454D3332E604FDF001B8A5C /* DiabetesTrackerUITests */ = {
			isa = PBXNativeTarget;
			buildConfigurationList = 4454D3442E604FDF001B8A5C /* Build configuration list for PBXNativeTarget "DiabetesTrackerUITests" */;
			buildPhases = (
				4454D3302E604FDF001B8A5C /* Sources */,
				4454D3312E604FDF001B8A5C /* Frameworks */,
				4454D3322E604FDF001B8A5C /* Resources */,
			);
			buildRules = (
			);
			dependencies = (
				4454D3362E604FDF001B8A5C /* PBXTargetDependency */,
			);
			fileSystemSynchronizedGroups = (
				4454D3372E604FDF001B8A5C /* DiabetesTrackerUITests */,
			);
			name = DiabetesTrackerUITests;
			packageProductDependencies = (
			);
			productName = DiabetesTrackerUITests;
			productReference = 4454D3342E604FDF001B8A5C /* DiabetesTrackerUITests.xctest */;
			productType = "com.apple.product-type.bundle.ui-testing";
		};
/* End PBXNativeTarget section */

/* Begin PBXProject section */
		4454D3102E604FDD001B8A5C /* Project object */ = {
			isa = PBXProject;
			attributes = {
				BuildIndependentTargetsInParallel = 1;
				LastSwiftUpdateCheck = 1620;
				LastUpgradeCheck = 1620;
				TargetAttributes = {
					4454D3172E604FDD001B8A5C = {
						CreatedOnToolsVersion = 16.2;
					};
					4454D3292E604FDF001B8A5C = {
						CreatedOnToolsVersion = 16.2;
						TestTargetID = 4454D3172E604FDD001B8A5C;
					};
					4454D3332E604FDF001B8A5C = {
						CreatedOnToolsVersion = 16.2;
						TestTargetID = 4454D3172E604FDD001B8A5C;
					};
				};
			};
			buildConfigurationList = 4454D3132E604FDD001B8A5C /* Build configuration list for PBXProject "DiabetesTracker" */;
			developmentRegion = en;
			hasScannedForEncodings = 0;
			knownRegions = (
				en,
				Base,
			);
			mainGroup = 4454D30F2E604FDD001B8A5C;
			minimizedProjectReferenceProxies = 1;
			packageReferences = (
				446754BA2ECDCEAB003976BA /* XCRemoteSwiftPackageReference "supabase-swift" */,
			);
			preferredProjectObjectVersion = 77;
			productRefGroup = 4454D3192E604FDE001B8A5C /* Products */;
			projectDirPath = "";
			projectRoot = "";
			targets = (
				4454D3172E604FDD001B8A5C /* DiabetesTracker */,
				4454D3292E604FDF001B8A5C /* DiabetesTrackerTests */,
				4454D3332E604FDF001B8A5C /* DiabetesTrackerUITests */,
			);
		};
/* End PBXProject section */

/* Begin PBXResourcesBuildPhase section */
		4454D3162E604FDD001B8A5C /* Resources */ = {
			isa = PBXResourcesBuildPhase;
			buildActionMask = 2147483647;
			files = (
			);
			runOnlyForDeploymentPostprocessing = 0;
		};
		4454D3282E604FDF001B8A5C /* Resources */ = {
			isa = PBXResourcesBuildPhase;
			buildActionMask = 2147483647;
			files = (
			);
			runOnlyForDeploymentPostprocessing = 0;
		};
		4454D3322E604FDF001B8A5C /* Resources */ = {
			isa = PBXResourcesBuildPhase;
			buildActionMask = 2147483647;
			files = (
			);
			runOnlyForDeploymentPostprocessing = 0;
		};
/* End PBXResourcesBuildPhase section */

/* Begin PBXSourcesBuildPhase section */
		4454D3142E604FDD001B8A5C /* Sources */ = {
			isa = PBXSourcesBuildPhase;
			buildActionMask = 2147483647;
			files = (
			);
			runOnlyForDeploymentPostprocessing = 0;
		};
		4454D3262E604FDF001B8A5C /* Sources */ = {
			isa = PBXSourcesBuildPhase;
			buildActionMask = 2147483647;
			files = (
			);
			runOnlyForDeploymentPostprocessing = 0;
		};
		4454D3302E604FDF001B8A5C /* Sources */ = {
			isa = PBXSourcesBuildPhase;
			buildActionMask = 2147483647;
			files = (
			);
			runOnlyForDeploymentPostprocessing = 0;
		};
/* End PBXSourcesBuildPhase section */

/* Begin PBXTargetDependency section */
		4454D32C2E604FDF001B8A5C /* PBXTargetDependency */ = {
			isa = PBXTargetDependency;
			target = 4454D3172E604FDD001B8A5C /* DiabetesTracker */;
			targetProxy = 4454D32B2E604FDF001B8A5C /* PBXContainerItemProxy */;
		};
		4454D3362E604FDF001B8A5C /* PBXTargetDependency */ = {
			isa = PBXTargetDependency;
			target = 4454D3172E604FDD001B8A5C /* DiabetesTracker */;
			targetProxy = 4454D3352E604FDF001B8A5C /* PBXContainerItemProxy */;
		};
/* End PBXTargetDependency section */

/* Begin XCBuildConfiguration section */
		4454D33C2E604FDF001B8A5C /* Debug */ = {
			isa = XCBuildConfiguration;
			buildSettings = {
				ALWAYS_SEARCH_USER_PATHS = NO;
				ASSETCATALOG_COMPILER_GENERATE_SWIFT_ASSET_SYMBOL_EXTENSIONS = YES;
				CLANG_ANALYZER_NONNULL = YES;
				CLANG_ANALYZER_NUMBER_OBJECT_CONVERSION = YES_AGGRESSIVE;
				CLANG_CXX_LANGUAGE_STANDARD = "gnu++20";
				CLANG_ENABLE_MODULES = YES;
				CLANG_ENABLE_OBJC_ARC = YES;
				CLANG_ENABLE_OBJC_WEAK = YES;
				CLANG_WARN_BLOCK_CAPTURE_AUTORELEASING = YES;
				CLANG_WARN_BOOL_CONVERSION = YES;
				CLANG_WARN_COMMA = YES;
				CLANG_WARN_CONSTANT_CONVERSION = YES;
				CLANG_WARN_DEPRECATED_OBJC_IMPLEMENTATIONS = YES;
				CLANG_WARN_DIRECT_OBJC_ISA_USAGE = YES_ERROR;
				CLANG_WARN_DOCUMENTATION_COMMENTS = YES;
				CLANG_WARN_EMPTY_BODY = YES;
				CLANG_WARN_ENUM_CONVERSION = YES;
				CLANG_WARN_INFINITE_RECURSION = YES;
				CLANG_WARN_INT_CONVERSION = YES;
				CLANG_WARN_NON_LITERAL_NULL_CONVERSION = YES;
				CLANG_WARN_OBJC_IMPLICIT_RETAIN_SELF = YES;
				CLANG_WARN_OBJC_LITERAL_CONVERSION = YES;
				CLANG_WARN_OBJC_ROOT_CLASS = YES_ERROR;
				CLANG_WARN_QUOTED_INCLUDE_IN_FRAMEWORK_HEADER = YES;
				CLANG_WARN_RANGE_LOOP_ANALYSIS = YES;
				CLANG_WARN_STRICT_PROTOTYPES = YES;
				CLANG_WARN_SUSPICIOUS_MOVE = YES;
				CLANG_WARN_UNGUARDED_AVAILABILITY = YES_AGGRESSIVE;
				CLANG_WARN_UNREACHABLE_CODE = YES;
				CLANG_WARN__DUPLICATE_METHOD_MATCH = YES;
				COPY_PHASE_STRIP = NO;
				DEBUG_INFORMATION_FORMAT = dwarf;
				ENABLE_STRICT_OBJC_MSGSEND = YES;
				ENABLE_TESTABILITY = YES;
				ENABLE_USER_SCRIPT_SANDBOXING = YES;
				GCC_C_LANGUAGE_STANDARD = gnu17;
				GCC_DYNAMIC_NO_PIC = NO;
				GCC_NO_COMMON_BLOCKS = YES;
				GCC_OPTIMIZATION_LEVEL = 0;
				GCC_PREPROCESSOR_DEFINITIONS = (
					"DEBUG=1",
					"$(inherited)",
				);
				GCC_WARN_64_TO_32_BIT_CONVERSION = YES;
				GCC_WARN_ABOUT_RETURN_TYPE = YES_ERROR;
				GCC_WARN_UNDECLARED_SELECTOR = YES;
				GCC_WARN_UNINITIALIZED_AUTOS = YES_AGGRESSIVE;
				GCC_WARN_UNUSED_FUNCTION = YES;
				GCC_WARN_UNUSED_VARIABLE = YES;
				IPHONEOS_DEPLOYMENT_TARGET = 18.2;
				LOCALIZATION_PREFERS_STRING_CATALOGS = YES;
				MTL_ENABLE_DEBUG_INFO = INCLUDE_SOURCE;
				MTL_FAST_MATH = YES;
				ONLY_ACTIVE_ARCH = YES;
				SDKROOT = iphoneos;
				SWIFT_ACTIVE_COMPILATION_CONDITIONS = "DEBUG $(inherited)";
				SWIFT_OPTIMIZATION_LEVEL = "-Onone";
			};
			name = Debug;
		};
		4454D33D2E604FDF001B8A5C /* Release */ = {
			isa = XCBuildConfiguration;
			buildSettings = {
				ALWAYS_SEARCH_USER_PATHS = NO;
				ASSETCATALOG_COMPILER_GENERATE_SWIFT_ASSET_SYMBOL_EXTENSIONS = YES;
				CLANG_ANALYZER_NONNULL = YES;
				CLANG_ANALYZER_NUMBER_OBJECT_CONVERSION = YES_AGGRESSIVE;
				CLANG_CXX_LANGUAGE_STANDARD = "gnu++20";
				CLANG_ENABLE_MODULES = YES;
				CLANG_ENABLE_OBJC_ARC = YES;
				CLANG_ENABLE_OBJC_WEAK = YES;
				CLANG_WARN_BLOCK_CAPTURE_AUTORELEASING = YES;
				CLANG_WARN_BOOL_CONVERSION = YES;
				CLANG_WARN_COMMA = YES;
				CLANG_WARN_CONSTANT_CONVERSION = YES;
				CLANG_WARN_DEPRECATED_OBJC_IMPLEMENTATIONS = YES;
				CLANG_WARN_DIRECT_OBJC_ISA_USAGE = YES_ERROR;
				CLANG_WARN_DOCUMENTATION_COMMENTS = YES;
				CLANG_WARN_EMPTY_BODY = YES;
				CLANG_WARN_ENUM_CONVERSION = YES;
				CLANG_WARN_INFINITE_RECURSION = YES;
				CLANG_WARN_INT_CONVERSION = YES;
				CLANG_WARN_NON_LITERAL_NULL_CONVERSION = YES;
				CLANG_WARN_OBJC_IMPLICIT_RETAIN_SELF = YES;
				CLANG_WARN_OBJC_LITERAL_CONVERSION = YES;
				CLANG_WARN_OBJC_ROOT_CLASS = YES_ERROR;
				CLANG_WARN_QUOTED_INCLUDE_IN_FRAMEWORK_HEADER = YES;
				CLANG_WARN_RANGE_LOOP_ANALYSIS = YES;
				CLANG_WARN_STRICT_PROTOTYPES = YES;
				CLANG_WARN_SUSPICIOUS_MOVE = YES;
				CLANG_WARN_UNGUARDED_AVAILABILITY = YES_AGGRESSIVE;
				CLANG_WARN_UNREACHABLE_CODE = YES;
				CLANG_WARN__DUPLICATE_METHOD_MATCH = YES;
				COPY_PHASE_STRIP = NO;
				DEBUG_INFORMATION_FORMAT = "dwarf-with-dsym";
				ENABLE_NS_ASSERTIONS = NO;
				ENABLE_STRICT_OBJC_MSGSEND = YES;
				ENABLE_USER_SCRIPT_SANDBOXING = YES;
				GCC_C_LANGUAGE_STANDARD = gnu17;
				GCC_NO_COMMON_BLOCKS = YES;
				GCC_WARN_64_TO_32_BIT_CONVERSION = YES;
				GCC_WARN_ABOUT_RETURN_TYPE = YES_ERROR;
				GCC_WARN_UNDECLARED_SELECTOR = YES;
				GCC_WARN_UNINITIALIZED_AUTOS = YES_AGGRESSIVE;
				GCC_WARN_UNUSED_FUNCTION = YES;
				GCC_WARN_UNUSED_VARIABLE = YES;
				IPHONEOS_DEPLOYMENT_TARGET = 18.2;
				LOCALIZATION_PREFERS_STRING_CATALOGS = YES;
				MTL_ENABLE_DEBUG_INFO = NO;
				MTL_FAST_MATH = YES;
				SDKROOT = iphoneos;
				SWIFT_COMPILATION_MODE = wholemodule;
				VALIDATE_PRODUCT = YES;
			};
			name = Release;
		};
		4454D33F2E604FDF001B8A5C /* Debug */ = {
			isa = XCBuildConfiguration;
			buildSettings = {
				ASSETCATALOG_COMPILER_APPICON_NAME = AppIcon;
				ASSETCATALOG_COMPILER_GLOBAL_ACCENT_COLOR_NAME = AccentColor;
				CODE_SIGN_STYLE = Automatic;
				CURRENT_PROJECT_VERSION = 1;
				DEVELOPMENT_ASSET_PATHS = "\"DiabetesTracker/Preview Content\"";
				ENABLE_PREVIEWS = YES;
				GENERATE_INFOPLIST_FILE = YES;
				INFOPLIST_KEY_UIApplicationSceneManifest_Generation = YES;
				INFOPLIST_KEY_UIApplicationSupportsIndirectInputEvents = YES;
				INFOPLIST_KEY_UILaunchScreen_Generation = YES;
				INFOPLIST_KEY_UISupportedInterfaceOrientations_iPad = "UIInterfaceOrientationPortrait UIInterfaceOrientationPortraitUpsideDown UIInterfaceOrientationLandscapeLeft UIInterfaceOrientationLandscapeRight";
				INFOPLIST_KEY_UISupportedInterfaceOrientations_iPhone = "UIInterfaceOrientationPortrait UIInterfaceOrientationLandscapeLeft UIInterfaceOrientationLandscapeRight";
				LD_RUNPATH_SEARCH_PATHS = (
					"$(inherited)",
					"@executable_path/Frameworks",
				);
				MARKETING_VERSION = 1.0;
				PRODUCT_BUNDLE_IDENTIFIER = Megan.DiabetesTracker;
				PRODUCT_NAME = "$(TARGET_NAME)";
				SWIFT_EMIT_LOC_STRINGS = YES;
				SWIFT_VERSION = 5.0;
				TARGETED_DEVICE_FAMILY = "1,2";
			};
			name = Debug;
		};
		4454D3402E604FDF001B8A5C /* Release */ = {
			isa = XCBuildConfiguration;
			buildSettings = {
				ASSETCATALOG_COMPILER_APPICON_NAME = AppIcon;
				ASSETCATALOG_COMPILER_GLOBAL_ACCENT_COLOR_NAME = AccentColor;
				CODE_SIGN_STYLE = Automatic;
				CURRENT_PROJECT_VERSION = 1;
				DEVELOPMENT_ASSET_PATHS = "\"DiabetesTracker/Preview Content\"";
				ENABLE_PREVIEWS = YES;
				GENERATE_INFOPLIST_FILE = YES;
				INFOPLIST_KEY_UIApplicationSceneManifest_Generation = YES;
				INFOPLIST_KEY_UIApplicationSupportsIndirectInputEvents = YES;
				INFOPLIST_KEY_UILaunchScreen_Generation = YES;
				INFOPLIST_KEY_UISupportedInterfaceOrientations_iPad = "UIInterfaceOrientationPortrait UIInterfaceOrientationPortraitUpsideDown UIInterfaceOrientationLandscapeLeft UIInterfaceOrientationLandscapeRight";
				INFOPLIST_KEY_UISupportedInterfaceOrientations_iPhone = "UIInterfaceOrientationPortrait UIInterfaceOrientationLandscapeLeft UIInterfaceOrientationLandscapeRight";
				LD_RUNPATH_SEARCH_PATHS = (
					"$(inherited)",
					"@executable_path/Frameworks",
				);
				MARKETING_VERSION = 1.0;
				PRODUCT_BUNDLE_IDENTIFIER = Megan.DiabetesTracker;
				PRODUCT_NAME = "$(TARGET_NAME)";
				SWIFT_EMIT_LOC_STRINGS = YES;
				SWIFT_VERSION = 5.0;
				TARGETED_DEVICE_FAMILY = "1,2";
			};
			name = Release;
		};
		4454D3422E604FDF001B8A5C /* Debug */ = {
			isa = XCBuildConfiguration;
			buildSettings = {
				BUNDLE_LOADER = "$(TEST_HOST)";
				CODE_SIGN_STYLE = Automatic;
				CURRENT_PROJECT_VERSION = 1;
				GENERATE_INFOPLIST_FILE = YES;
				IPHONEOS_DEPLOYMENT_TARGET = 18.2;
				MARKETING_VERSION = 1.0;
				PRODUCT_BUNDLE_IDENTIFIER = Megan.DiabetesTrackerTests;
				PRODUCT_NAME = "$(TARGET_NAME)";
				SWIFT_EMIT_LOC_STRINGS = NO;
				SWIFT_VERSION = 5.0;
				TARGETED_DEVICE_FAMILY = "1,2";
				TEST_HOST = "$(BUILT_PRODUCTS_DIR)/DiabetesTracker.app/$(BUNDLE_EXECUTABLE_FOLDER_PATH)/DiabetesTracker";
			};
			name = Debug;
		};
		4454D3432E604FDF001B8A5C /* Release */ = {
			isa = XCBuildConfiguration;
			buildSettings = {
				BUNDLE_LOADER = "$(TEST_HOST)";
				CODE_SIGN_STYLE = Automatic;
				CURRENT_PROJECT_VERSION = 1;
				GENERATE_INFOPLIST_FILE = YES;
				IPHONEOS_DEPLOYMENT_TARGET = 18.2;
				MARKETING_VERSION = 1.0;
				PRODUCT_BUNDLE_IDENTIFIER = Megan.DiabetesTrackerTests;
				PRODUCT_NAME = "$(TARGET_NAME)";
				SWIFT_EMIT_LOC_STRINGS = NO;
				SWIFT_VERSION = 5.0;
				TARGETED_DEVICE_FAMILY = "1,2";
				TEST_HOST = "$(BUILT_PRODUCTS_DIR)/DiabetesTracker.app/$(BUNDLE_EXECUTABLE_FOLDER_PATH)/DiabetesTracker";
			};
			name = Release;
		};
		4454D3452E604FDF001B8A5C /* Debug */ = {
			isa = XCBuildConfiguration;
			buildSettings = {
				CODE_SIGN_STYLE = Automatic;
				CURRENT_PROJECT_VERSION = 1;
				GENERATE_INFOPLIST_FILE = YES;
				MARKETING_VERSION = 1.0;
				PRODUCT_BUNDLE_IDENTIFIER = Megan.DiabetesTrackerUITests;
				PRODUCT_NAME = "$(TARGET_NAME)";
				SWIFT_EMIT_LOC_STRINGS = NO;
				SWIFT_VERSION = 5.0;
				TARGETED_DEVICE_FAMILY = "1,2";
				TEST_TARGET_NAME = DiabetesTracker;
			};
			name = Debug;
		};
		4454D3462E604FDF001B8A5C /* Release */ = {
			isa = XCBuildConfiguration;
			buildSettings = {
				CODE_SIGN_STYLE = Automatic;
				CURRENT_PROJECT_VERSION = 1;
				GENERATE_INFOPLIST_FILE = YES;
				MARKETING_VERSION = 1.0;
				PRODUCT_BUNDLE_IDENTIFIER = Megan.DiabetesTrackerUITests;
				PRODUCT_NAME = "$(TARGET_NAME)";
				SWIFT_EMIT_LOC_STRINGS = NO;
				SWIFT_VERSION = 5.0;
				TARGETED_DEVICE_FAMILY = "1,2";
				TEST_TARGET_NAME = DiabetesTracker;
			};
			name = Release;
		};
/* End XCBuildConfiguration section */

/* Begin XCConfigurationList section */
		4454D3132E604FDD001B8A5C /* Build configuration list for PBXProject "DiabetesTracker" */ = {
			isa = XCConfigurationList;
			buildConfigurations = (
				4454D33C2E604FDF001B8A5C /* Debug */,
				4454D33D2E604FDF001B8A5C /* Release */,
			);
			defaultConfigurationIsVisible = 0;
			defaultConfigurationName = Release;
		};
		4454D33E2E604FDF001B8A5C /* Build configuration list for PBXNativeTarget "DiabetesTracker" */ = {
			isa = XCConfigurationList;
			buildConfigurations = (
				4454D33F2E604FDF001B8A5C /* Debug */,
				4454D3402E604FDF001B8A5C /* Release */,
			);
			defaultConfigurationIsVisible = 0;
			defaultConfigurationName = Release;
		};
		4454D3412E604FDF001B8A5C /* Build configuration list for PBXNativeTarget "DiabetesTrackerTests" */ = {
			isa = XCConfigurationList;
			buildConfigurations = (
				4454D3422E604FDF001B8A5C /* Debug */,
				4454D3432E604FDF001B8A5C /* Release */,
			);
			defaultConfigurationIsVisible = 0;
			defaultConfigurationName = Release;
		};
		4454D3442E604FDF001B8A5C /* Build configuration list for PBXNativeTarget "DiabetesTrackerUITests" */ = {
			isa = XCConfigurationList;
			buildConfigurations = (
				4454D3452E604FDF001B8A5C /* Debug */,
				4454D3462E604FDF001B8A5C /* Release */,
			);
			defaultConfigurationIsVisible = 0;
			defaultConfigurationName = Release;
		};
/* End XCConfigurationList section */

/* Begin XCRemoteSwiftPackageReference section */
		446754BA2ECDCEAB003976BA /* XCRemoteSwiftPackageReference "supabase-swift" */ = {
			isa = XCRemoteSwiftPackageReference;
			repositoryURL = "https://github.com/supabase/supabase-swift";
			requirement = {
				kind = upToNextMajorVersion;
				minimumVersion = 2.5.1;
			};
		};
/* End XCRemoteSwiftPackageReference section */

/* Begin XCSwiftPackageProductDependency section */
		446754BB2ECDCEAB003976BA /* Auth */ = {
			isa = XCSwiftPackageProductDependency;
			package = 446754BA2ECDCEAB003976BA /* XCRemoteSwiftPackageReference "supabase-swift" */;
			productName = Auth;
		};
		446754BD2ECDCEAB003976BA /* Functions */ = {
			isa = XCSwiftPackageProductDependency;
			package = 446754BA2ECDCEAB003976BA /* XCRemoteSwiftPackageReference "supabase-swift" */;
			productName = Functions;
		};
		446754BF2ECDCEAB003976BA /* PostgREST */ = {
			isa = XCSwiftPackageProductDependency;
			package = 446754BA2ECDCEAB003976BA /* XCRemoteSwiftPackageReference "supabase-swift" */;
			productName = PostgREST;
		};
		446754C12ECDCEAB003976BA /* Realtime */ = {
			isa = XCSwiftPackageProductDependency;
			package = 446754BA2ECDCEAB003976BA /* XCRemoteSwiftPackageReference "supabase-swift" */;
			productName = Realtime;
		};
		446754C32ECDCEAB003976BA /* Storage */ = {
			isa = XCSwiftPackageProductDependency;
			package = 446754BA2ECDCEAB003976BA /* XCRemoteSwiftPackageReference "supabase-swift" */;
			productName = Storage;
		};
		446754C52ECDCEAB003976BA /* Supabase */ = {
			isa = XCSwiftPackageProductDependency;
			package = 446754BA2ECDCEAB003976BA /* XCRemoteSwiftPackageReference "supabase-swift" */;
			productName = Supabase;
		};
/* End XCSwiftPackageProductDependency section */
	};
	rootObject = 4454D3102E604FDD001B8A5C /* Project object */;
}
